
Microsoft Visual Studio Solution File, Format Version 12.00
# Visual Studio Version 16
VisualStudioVersion = 16.0.31205.134
MinimumVisualStudioVersion = 10.0.40219.1
Project("{FAE04EC0-301F-11D3-BF4B-00C04F79EFBC}") = "04. Стъпки", "04. Стъпки\04. Стъпки.csproj", "{8EA1387C-6351-44EB-9800-E561C8F1B513}"
EndProject
Global
	GlobalSection(SolutionConfigurationPlatforms) = preSolution
		Debug|Any CPU = Debug|Any CPU
		Release|Any CPU = Release|Any CPU
	EndGlobalSection
	GlobalSection(ProjectConfigurationPlatforms) = postSolution
		{8EA1387C-6351-44EB-9800-E561C8F1B513}.Debug|Any CPU.ActiveCfg = Debug|Any CPU
		{8EA1387C-6351-44EB-9800-E561C8F1B513}.Debug|Any CPU.Build.0 = Debug|Any CPU
		{8EA1387C-6351-44EB-9800-E561C8F1B513}.Release|Any CPU.ActiveCfg = Release|Any CPU
		{8EA1387C-6351-44EB-9800-E561C8F1B513}.Release|Any CPU.Build.0 = Release|Any CPU
	EndGlobalSection
	GlobalSection(SolutionProperties) = preSolution
		HideSolutionNode = FALSE
	EndGlobalSection
	GlobalSection(ExtensibilityGlobals) = postSolution
		SolutionGuid = {EF8B88AF-CD93-43B3-9D75-FE337058EB75}
	EndGlobalSection
EndGlobal
