
Microsoft Visual Studio Solution File, Format Version 12.00
# Visual Studio Version 17
VisualStudioVersion = 17.0.32112.339
MinimumVisualStudioVersion = 10.0.40219.1
Project("{FAE04EC0-301F-11D3-BF4B-00C04F79EFBC}") = "01. Convert Meters to Kilometers", "01. Convert Meters to Kilometers\01. Convert Meters to Kilometers.csproj", "{8CF25ECC-341C-41FA-A0CE-3A1E024692E7}"
EndProject
Global
	GlobalSection(SolutionConfigurationPlatforms) = preSolution
		Debug|Any CPU = Debug|Any CPU
		Release|Any CPU = Release|Any CPU
	EndGlobalSection
	GlobalSection(ProjectConfigurationPlatforms) = postSolution
		{8CF25ECC-341C-41FA-A0CE-3A1E024692E7}.Debug|Any CPU.ActiveCfg = Debug|Any CPU
		{8CF25ECC-341C-41FA-A0CE-3A1E024692E7}.Debug|Any CPU.Build.0 = Debug|Any CPU
		{8CF25ECC-341C-41FA-A0CE-3A1E024692E7}.Release|Any CPU.ActiveCfg = Release|Any CPU
		{8CF25ECC-341C-41FA-A0CE-3A1E024692E7}.Release|Any CPU.Build.0 = Release|Any CPU
	EndGlobalSection
	GlobalSection(SolutionProperties) = preSolution
		HideSolutionNode = FALSE
	EndGlobalSection
	GlobalSection(ExtensibilityGlobals) = postSolution
		SolutionGuid = {33CE0A98-9923-4273-827D-F9146660C3E8}
	EndGlobalSection
EndGlobal
