
Microsoft Visual Studio Solution File, Format Version 12.00
# Visual Studio Version 16
VisualStudioVersion = 16.0.31205.134
MinimumVisualStudioVersion = 10.0.40219.1
Project("{FAE04EC0-301F-11D3-BF4B-00C04F79EFBC}") = "06. Сграда", "06. Сграда\06. Сграда.csproj", "{DBB6AB29-566B-4FEB-89E4-E13E9E2435CE}"
EndProject
Global
	GlobalSection(SolutionConfigurationPlatforms) = preSolution
		Debug|Any CPU = Debug|Any CPU
		Release|Any CPU = Release|Any CPU
	EndGlobalSection
	GlobalSection(ProjectConfigurationPlatforms) = postSolution
		{DBB6AB29-566B-4FEB-89E4-E13E9E2435CE}.Debug|Any CPU.ActiveCfg = Debug|Any CPU
		{DBB6AB29-566B-4FEB-89E4-E13E9E2435CE}.Debug|Any CPU.Build.0 = Debug|Any CPU
		{DBB6AB29-566B-4FEB-89E4-E13E9E2435CE}.Release|Any CPU.ActiveCfg = Release|Any CPU
		{DBB6AB29-566B-4FEB-89E4-E13E9E2435CE}.Release|Any CPU.Build.0 = Release|Any CPU
	EndGlobalSection
	GlobalSection(SolutionProperties) = preSolution
		HideSolutionNode = FALSE
	EndGlobalSection
	GlobalSection(ExtensibilityGlobals) = postSolution
		SolutionGuid = {2123D8D1-B358-4575-9CF5-86D472165C50}
	EndGlobalSection
EndGlobal
