
Microsoft Visual Studio Solution File, Format Version 12.00
# Visual Studio Version 17
VisualStudioVersion = 17.0.32112.339
MinimumVisualStudioVersion = 10.0.40219.1
Project("{FAE04EC0-301F-11D3-BF4B-00C04F79EFBC}") = "Associative Arrays", "Associative Arrays\Associative Arrays.csproj", "{DF3BD587-DD49-4BAB-9332-2589624D9450}"
EndProject
Project("{FAE04EC0-301F-11D3-BF4B-00C04F79EFBC}") = "01. Count Real Numbers", "01. Count Real Numbers\01. Count Real Numbers.csproj", "{4901ACD5-82F2-4989-88C4-B863AEEAA395}"
EndProject
Project("{FAE04EC0-301F-11D3-BF4B-00C04F79EFBC}") = "03. Word Synonyms", "03. Word Synonyms\03. Word Synonyms.csproj", "{15FCF18D-02ED-4B55-80AE-DF92AB773FED}"
EndProject
Project("{FAE04EC0-301F-11D3-BF4B-00C04F79EFBC}") = "04. Word Filter", "04. Word Filter\04. Word Filter.csproj", "{D50FE291-62AD-4899-BC7E-F44CBF8C5E69}"
EndProject
Project("{FAE04EC0-301F-11D3-BF4B-00C04F79EFBC}") = "02. Odd Occurrences", "02. Odd Occurrences\02. Odd Occurrences.csproj", "{D138C2B6-85C3-40D5-A177-C54A6E8B2C63}"
EndProject
Global
	GlobalSection(SolutionConfigurationPlatforms) = preSolution
		Debug|Any CPU = Debug|Any CPU
		Release|Any CPU = Release|Any CPU
	EndGlobalSection
	GlobalSection(ProjectConfigurationPlatforms) = postSolution
		{DF3BD587-DD49-4BAB-9332-2589624D9450}.Debug|Any CPU.ActiveCfg = Debug|Any CPU
		{DF3BD587-DD49-4BAB-9332-2589624D9450}.Debug|Any CPU.Build.0 = Debug|Any CPU
		{DF3BD587-DD49-4BAB-9332-2589624D9450}.Release|Any CPU.ActiveCfg = Release|Any CPU
		{DF3BD587-DD49-4BAB-9332-2589624D9450}.Release|Any CPU.Build.0 = Release|Any CPU
		{4901ACD5-82F2-4989-88C4-B863AEEAA395}.Debug|Any CPU.ActiveCfg = Debug|Any CPU
		{4901ACD5-82F2-4989-88C4-B863AEEAA395}.Debug|Any CPU.Build.0 = Debug|Any CPU
		{4901ACD5-82F2-4989-88C4-B863AEEAA395}.Release|Any CPU.ActiveCfg = Release|Any CPU
		{4901ACD5-82F2-4989-88C4-B863AEEAA395}.Release|Any CPU.Build.0 = Release|Any CPU
		{15FCF18D-02ED-4B55-80AE-DF92AB773FED}.Debug|Any CPU.ActiveCfg = Debug|Any CPU
		{15FCF18D-02ED-4B55-80AE-DF92AB773FED}.Debug|Any CPU.Build.0 = Debug|Any CPU
		{15FCF18D-02ED-4B55-80AE-DF92AB773FED}.Release|Any CPU.ActiveCfg = Release|Any CPU
		{15FCF18D-02ED-4B55-80AE-DF92AB773FED}.Release|Any CPU.Build.0 = Release|Any CPU
		{D50FE291-62AD-4899-BC7E-F44CBF8C5E69}.Debug|Any CPU.ActiveCfg = Debug|Any CPU
		{D50FE291-62AD-4899-BC7E-F44CBF8C5E69}.Debug|Any CPU.Build.0 = Debug|Any CPU
		{D50FE291-62AD-4899-BC7E-F44CBF8C5E69}.Release|Any CPU.ActiveCfg = Release|Any CPU
		{D50FE291-62AD-4899-BC7E-F44CBF8C5E69}.Release|Any CPU.Build.0 = Release|Any CPU
		{D138C2B6-85C3-40D5-A177-C54A6E8B2C63}.Debug|Any CPU.ActiveCfg = Debug|Any CPU
		{D138C2B6-85C3-40D5-A177-C54A6E8B2C63}.Debug|Any CPU.Build.0 = Debug|Any CPU
		{D138C2B6-85C3-40D5-A177-C54A6E8B2C63}.Release|Any CPU.ActiveCfg = Release|Any CPU
		{D138C2B6-85C3-40D5-A177-C54A6E8B2C63}.Release|Any CPU.Build.0 = Release|Any CPU
	EndGlobalSection
	GlobalSection(SolutionProperties) = preSolution
		HideSolutionNode = FALSE
	EndGlobalSection
	GlobalSection(ExtensibilityGlobals) = postSolution
		SolutionGuid = {68E1E344-62CA-45C7-98A1-F7C860BD59EB}
	EndGlobalSection
EndGlobal
