
Microsoft Visual Studio Solution File, Format Version 12.00
# Visual Studio Version 16
VisualStudioVersion = 16.0.31205.134
MinimumVisualStudioVersion = 10.0.40219.1
Project("{FAE04EC0-301F-11D3-BF4B-00C04F79EFBC}") = "02. Числата от N до 1 в обратен ред", "02. Числата от N до 1 в обратен ред\02. Числата от N до 1 в обратен ред.csproj", "{088175E4-FD18-49D7-8665-4AE00CD56A2D}"
EndProject
Global
	GlobalSection(SolutionConfigurationPlatforms) = preSolution
		Debug|Any CPU = Debug|Any CPU
		Release|Any CPU = Release|Any CPU
	EndGlobalSection
	GlobalSection(ProjectConfigurationPlatforms) = postSolution
		{088175E4-FD18-49D7-8665-4AE00CD56A2D}.Debug|Any CPU.ActiveCfg = Debug|Any CPU
		{088175E4-FD18-49D7-8665-4AE00CD56A2D}.Debug|Any CPU.Build.0 = Debug|Any CPU
		{088175E4-FD18-49D7-8665-4AE00CD56A2D}.Release|Any CPU.ActiveCfg = Release|Any CPU
		{088175E4-FD18-49D7-8665-4AE00CD56A2D}.Release|Any CPU.Build.0 = Release|Any CPU
	EndGlobalSection
	GlobalSection(SolutionProperties) = preSolution
		HideSolutionNode = FALSE
	EndGlobalSection
	GlobalSection(ExtensibilityGlobals) = postSolution
		SolutionGuid = {FFE1A5FC-40BE-44F7-BC74-38AFA639E2A2}
	EndGlobalSection
EndGlobal
