
Microsoft Visual Studio Solution File, Format Version 12.00
# Visual Studio Version 16
VisualStudioVersion = 16.0.31205.134
MinimumVisualStudioVersion = 10.0.40219.1
Project("{FAE04EC0-301F-11D3-BF4B-00C04F79EFBC}") = "06. Оскари", "06. Оскари\06. Оскари.csproj", "{7C0B734B-CCCE-4810-95E6-4755144E3DF3}"
EndProject
Global
	GlobalSection(SolutionConfigurationPlatforms) = preSolution
		Debug|Any CPU = Debug|Any CPU
		Release|Any CPU = Release|Any CPU
	EndGlobalSection
	GlobalSection(ProjectConfigurationPlatforms) = postSolution
		{7C0B734B-CCCE-4810-95E6-4755144E3DF3}.Debug|Any CPU.ActiveCfg = Debug|Any CPU
		{7C0B734B-CCCE-4810-95E6-4755144E3DF3}.Debug|Any CPU.Build.0 = Debug|Any CPU
		{7C0B734B-CCCE-4810-95E6-4755144E3DF3}.Release|Any CPU.ActiveCfg = Release|Any CPU
		{7C0B734B-CCCE-4810-95E6-4755144E3DF3}.Release|Any CPU.Build.0 = Release|Any CPU
	EndGlobalSection
	GlobalSection(SolutionProperties) = preSolution
		HideSolutionNode = FALSE
	EndGlobalSection
	GlobalSection(ExtensibilityGlobals) = postSolution
		SolutionGuid = {CE221B70-EF69-40CB-B741-78FD13D41E27}
	EndGlobalSection
EndGlobal
