
Microsoft Visual Studio Solution File, Format Version 12.00
# Visual Studio Version 16
VisualStudioVersion = 16.0.31205.134
MinimumVisualStudioVersion = 10.0.40219.1
Project("{FAE04EC0-301F-11D3-BF4B-00C04F79EFBC}") = "03. Vacation", "03. Vacation\03. Vacation.csproj", "{32C95C53-3DE1-4513-B1F2-E1C36F97E4D2}"
EndProject
Global
	GlobalSection(SolutionConfigurationPlatforms) = preSolution
		Debug|Any CPU = Debug|Any CPU
		Release|Any CPU = Release|Any CPU
	EndGlobalSection
	GlobalSection(ProjectConfigurationPlatforms) = postSolution
		{32C95C53-3DE1-4513-B1F2-E1C36F97E4D2}.Debug|Any CPU.ActiveCfg = Debug|Any CPU
		{32C95C53-3DE1-4513-B1F2-E1C36F97E4D2}.Debug|Any CPU.Build.0 = Debug|Any CPU
		{32C95C53-3DE1-4513-B1F2-E1C36F97E4D2}.Release|Any CPU.ActiveCfg = Release|Any CPU
		{32C95C53-3DE1-4513-B1F2-E1C36F97E4D2}.Release|Any CPU.Build.0 = Release|Any CPU
	EndGlobalSection
	GlobalSection(SolutionProperties) = preSolution
		HideSolutionNode = FALSE
	EndGlobalSection
	GlobalSection(ExtensibilityGlobals) = postSolution
		SolutionGuid = {2E99D345-4E46-4BAF-8697-E5AFA3E64417}
	EndGlobalSection
EndGlobal
