
Microsoft Visual Studio Solution File, Format Version 12.00
# Visual Studio Version 17
VisualStudioVersion = 17.0.32112.339
MinimumVisualStudioVersion = 10.0.40219.1
Project("{FAE04EC0-301F-11D3-BF4B-00C04F79EFBC}") = "07. List Manipulation Advanced", "07. List Manipulation Advanced\07. List Manipulation Advanced.csproj", "{7794D13F-1CA4-4476-A246-EABD0F08ABBA}"
EndProject
Global
	GlobalSection(SolutionConfigurationPlatforms) = preSolution
		Debug|Any CPU = Debug|Any CPU
		Release|Any CPU = Release|Any CPU
	EndGlobalSection
	GlobalSection(ProjectConfigurationPlatforms) = postSolution
		{7794D13F-1CA4-4476-A246-EABD0F08ABBA}.Debug|Any CPU.ActiveCfg = Debug|Any CPU
		{7794D13F-1CA4-4476-A246-EABD0F08ABBA}.Debug|Any CPU.Build.0 = Debug|Any CPU
		{7794D13F-1CA4-4476-A246-EABD0F08ABBA}.Release|Any CPU.ActiveCfg = Release|Any CPU
		{7794D13F-1CA4-4476-A246-EABD0F08ABBA}.Release|Any CPU.Build.0 = Release|Any CPU
	EndGlobalSection
	GlobalSection(SolutionProperties) = preSolution
		HideSolutionNode = FALSE
	EndGlobalSection
	GlobalSection(ExtensibilityGlobals) = postSolution
		SolutionGuid = {9F12A64F-0437-4103-A43D-07BB6CE3842C}
	EndGlobalSection
EndGlobal
