
Microsoft Visual Studio Solution File, Format Version 12.00
# Visual Studio Version 17
VisualStudioVersion = 17.0.32112.339
MinimumVisualStudioVersion = 10.0.40219.1
Project("{FAE04EC0-301F-11D3-BF4B-00C04F79EFBC}") = "05. Programming Fundamentals Mid Exam", "05. Programming Fundamentals Mid Exam\05. Programming Fundamentals Mid Exam.csproj", "{77FED3A5-2B19-47DF-A82B-F8496948250F}"
EndProject
Project("{FAE04EC0-301F-11D3-BF4B-00C04F79EFBC}") = "Problem 1 - Bonus Scoring System", "Problem 1 - Bonus Scoring System\Problem 1 - Bonus Scoring System.csproj", "{B04B8882-F893-417A-A020-F1A8F4F4F6B5}"
EndProject
Project("{FAE04EC0-301F-11D3-BF4B-00C04F79EFBC}") = "Problem 2. Mu Online", "Problem 2. Mu Online\Problem 2. Mu Online.csproj", "{16B47BFF-A405-4DDF-B886-D621C1DCB3BA}"
EndProject
Project("{FAE04EC0-301F-11D3-BF4B-00C04F79EFBC}") = "Problem 3. Inventory", "Problem 3. Inventory\Problem 3. Inventory.csproj", "{8D29A2EE-A353-4780-A054-51783BECBBFB}"
EndProject
Global
	GlobalSection(SolutionConfigurationPlatforms) = preSolution
		Debug|Any CPU = Debug|Any CPU
		Release|Any CPU = Release|Any CPU
	EndGlobalSection
	GlobalSection(ProjectConfigurationPlatforms) = postSolution
		{77FED3A5-2B19-47DF-A82B-F8496948250F}.Debug|Any CPU.ActiveCfg = Debug|Any CPU
		{77FED3A5-2B19-47DF-A82B-F8496948250F}.Debug|Any CPU.Build.0 = Debug|Any CPU
		{77FED3A5-2B19-47DF-A82B-F8496948250F}.Release|Any CPU.ActiveCfg = Release|Any CPU
		{77FED3A5-2B19-47DF-A82B-F8496948250F}.Release|Any CPU.Build.0 = Release|Any CPU
		{B04B8882-F893-417A-A020-F1A8F4F4F6B5}.Debug|Any CPU.ActiveCfg = Debug|Any CPU
		{B04B8882-F893-417A-A020-F1A8F4F4F6B5}.Debug|Any CPU.Build.0 = Debug|Any CPU
		{B04B8882-F893-417A-A020-F1A8F4F4F6B5}.Release|Any CPU.ActiveCfg = Release|Any CPU
		{B04B8882-F893-417A-A020-F1A8F4F4F6B5}.Release|Any CPU.Build.0 = Release|Any CPU
		{16B47BFF-A405-4DDF-B886-D621C1DCB3BA}.Debug|Any CPU.ActiveCfg = Debug|Any CPU
		{16B47BFF-A405-4DDF-B886-D621C1DCB3BA}.Debug|Any CPU.Build.0 = Debug|Any CPU
		{16B47BFF-A405-4DDF-B886-D621C1DCB3BA}.Release|Any CPU.ActiveCfg = Release|Any CPU
		{16B47BFF-A405-4DDF-B886-D621C1DCB3BA}.Release|Any CPU.Build.0 = Release|Any CPU
		{8D29A2EE-A353-4780-A054-51783BECBBFB}.Debug|Any CPU.ActiveCfg = Debug|Any CPU
		{8D29A2EE-A353-4780-A054-51783BECBBFB}.Debug|Any CPU.Build.0 = Debug|Any CPU
		{8D29A2EE-A353-4780-A054-51783BECBBFB}.Release|Any CPU.ActiveCfg = Release|Any CPU
		{8D29A2EE-A353-4780-A054-51783BECBBFB}.Release|Any CPU.Build.0 = Release|Any CPU
	EndGlobalSection
	GlobalSection(SolutionProperties) = preSolution
		HideSolutionNode = FALSE
	EndGlobalSection
	GlobalSection(ExtensibilityGlobals) = postSolution
		SolutionGuid = {43C0D2C8-2C63-4F32-B6C7-EC41FC14EE7B}
	EndGlobalSection
EndGlobal
