
Microsoft Visual Studio Solution File, Format Version 12.00
# Visual Studio Version 16
VisualStudioVersion = 16.0.31205.134
MinimumVisualStudioVersion = 10.0.40219.1
Project("{FAE04EC0-301F-11D3-BF4B-00C04F79EFBC}") = "Задача 4. Игра на карти Number wars", "Задача 4. Игра на карти Number wars\Задача 4. Игра на карти Number wars.csproj", "{0930461F-C7E4-43BC-A921-FFE316288AB4}"
EndProject
Global
	GlobalSection(SolutionConfigurationPlatforms) = preSolution
		Debug|Any CPU = Debug|Any CPU
		Release|Any CPU = Release|Any CPU
	EndGlobalSection
	GlobalSection(ProjectConfigurationPlatforms) = postSolution
		{0930461F-C7E4-43BC-A921-FFE316288AB4}.Debug|Any CPU.ActiveCfg = Debug|Any CPU
		{0930461F-C7E4-43BC-A921-FFE316288AB4}.Debug|Any CPU.Build.0 = Debug|Any CPU
		{0930461F-C7E4-43BC-A921-FFE316288AB4}.Release|Any CPU.ActiveCfg = Release|Any CPU
		{0930461F-C7E4-43BC-A921-FFE316288AB4}.Release|Any CPU.Build.0 = Release|Any CPU
	EndGlobalSection
	GlobalSection(SolutionProperties) = preSolution
		HideSolutionNode = FALSE
	EndGlobalSection
	GlobalSection(ExtensibilityGlobals) = postSolution
		SolutionGuid = {1BB968EA-38DD-4E26-A78C-2ACA0EBD84DE}
	EndGlobalSection
EndGlobal
