
Microsoft Visual Studio Solution File, Format Version 12.00
# Visual Studio Version 17
VisualStudioVersion = 17.0.32112.339
MinimumVisualStudioVersion = 10.0.40219.1
Project("{FAE04EC0-301F-11D3-BF4B-00C04F79EFBC}") = "SetsAndDictionariesAdvancedEx", "SetsAndDictionariesAdvancedEx\SetsAndDictionariesAdvancedEx.csproj", "{1C261018-C348-420D-B9AB-BE298ECB3869}"
EndProject
Project("{FAE04EC0-301F-11D3-BF4B-00C04F79EFBC}") = "01. Unique Usernames", "01. Unique Usernames\01. Unique Usernames.csproj", "{AB351528-3C20-4378-8BF0-397F199FDBCA}"
EndProject
Project("{FAE04EC0-301F-11D3-BF4B-00C04F79EFBC}") = "02. Sets of Elements", "02. Sets of Elements\02. Sets of Elements.csproj", "{E95C9DB2-BB5A-4695-8444-01BC5804AC5F}"
EndProject
Project("{FAE04EC0-301F-11D3-BF4B-00C04F79EFBC}") = "03. Periodic Table", "03. Periodic Table\03. Periodic Table.csproj", "{60498F43-67AD-4011-9871-F0627F0A5839}"
EndProject
Project("{FAE04EC0-301F-11D3-BF4B-00C04F79EFBC}") = "04. Even Times", "04. Even Times\04. Even Times.csproj", "{048CA3C2-6576-40D6-A50D-EA98B3FCC1A3}"
EndProject
Project("{FAE04EC0-301F-11D3-BF4B-00C04F79EFBC}") = "05. Count Symbols", "05. Count Symbols\05. Count Symbols.csproj", "{4F43B6D2-B909-432B-BCD9-5A30E6223AE6}"
EndProject
Project("{FAE04EC0-301F-11D3-BF4B-00C04F79EFBC}") = "06. Wardrobe", "06. Wardrobe\06. Wardrobe.csproj", "{8A118CE9-47CC-4279-BE57-FA841EB5AF4A}"
EndProject
Project("{FAE04EC0-301F-11D3-BF4B-00C04F79EFBC}") = "07. The V-Logger", "07. The V-Logger\07. The V-Logger.csproj", "{8F9C4129-12C7-4F3A-BDE2-F2EFC928E0D8}"
EndProject
Project("{FAE04EC0-301F-11D3-BF4B-00C04F79EFBC}") = "08. Ranking", "08. Ranking\08. Ranking.csproj", "{B246BCAE-FAD5-4D3F-84A7-7E6D9C8C471F}"
EndProject
Project("{FAE04EC0-301F-11D3-BF4B-00C04F79EFBC}") = "09. SoftUni Exam Results", "09. SoftUni Exam Results\09. SoftUni Exam Results.csproj", "{340B266E-D3A9-48CB-BB59-2EDEA7852EE7}"
EndProject
Global
	GlobalSection(SolutionConfigurationPlatforms) = preSolution
		Debug|Any CPU = Debug|Any CPU
		Release|Any CPU = Release|Any CPU
	EndGlobalSection
	GlobalSection(ProjectConfigurationPlatforms) = postSolution
		{1C261018-C348-420D-B9AB-BE298ECB3869}.Debug|Any CPU.ActiveCfg = Debug|Any CPU
		{1C261018-C348-420D-B9AB-BE298ECB3869}.Debug|Any CPU.Build.0 = Debug|Any CPU
		{1C261018-C348-420D-B9AB-BE298ECB3869}.Release|Any CPU.ActiveCfg = Release|Any CPU
		{1C261018-C348-420D-B9AB-BE298ECB3869}.Release|Any CPU.Build.0 = Release|Any CPU
		{AB351528-3C20-4378-8BF0-397F199FDBCA}.Debug|Any CPU.ActiveCfg = Debug|Any CPU
		{AB351528-3C20-4378-8BF0-397F199FDBCA}.Debug|Any CPU.Build.0 = Debug|Any CPU
		{AB351528-3C20-4378-8BF0-397F199FDBCA}.Release|Any CPU.ActiveCfg = Release|Any CPU
		{AB351528-3C20-4378-8BF0-397F199FDBCA}.Release|Any CPU.Build.0 = Release|Any CPU
		{E95C9DB2-BB5A-4695-8444-01BC5804AC5F}.Debug|Any CPU.ActiveCfg = Debug|Any CPU
		{E95C9DB2-BB5A-4695-8444-01BC5804AC5F}.Debug|Any CPU.Build.0 = Debug|Any CPU
		{E95C9DB2-BB5A-4695-8444-01BC5804AC5F}.Release|Any CPU.ActiveCfg = Release|Any CPU
		{E95C9DB2-BB5A-4695-8444-01BC5804AC5F}.Release|Any CPU.Build.0 = Release|Any CPU
		{60498F43-67AD-4011-9871-F0627F0A5839}.Debug|Any CPU.ActiveCfg = Debug|Any CPU
		{60498F43-67AD-4011-9871-F0627F0A5839}.Debug|Any CPU.Build.0 = Debug|Any CPU
		{60498F43-67AD-4011-9871-F0627F0A5839}.Release|Any CPU.ActiveCfg = Release|Any CPU
		{60498F43-67AD-4011-9871-F0627F0A5839}.Release|Any CPU.Build.0 = Release|Any CPU
		{048CA3C2-6576-40D6-A50D-EA98B3FCC1A3}.Debug|Any CPU.ActiveCfg = Debug|Any CPU
		{048CA3C2-6576-40D6-A50D-EA98B3FCC1A3}.Debug|Any CPU.Build.0 = Debug|Any CPU
		{048CA3C2-6576-40D6-A50D-EA98B3FCC1A3}.Release|Any CPU.ActiveCfg = Release|Any CPU
		{048CA3C2-6576-40D6-A50D-EA98B3FCC1A3}.Release|Any CPU.Build.0 = Release|Any CPU
		{4F43B6D2-B909-432B-BCD9-5A30E6223AE6}.Debug|Any CPU.ActiveCfg = Debug|Any CPU
		{4F43B6D2-B909-432B-BCD9-5A30E6223AE6}.Debug|Any CPU.Build.0 = Debug|Any CPU
		{4F43B6D2-B909-432B-BCD9-5A30E6223AE6}.Release|Any CPU.ActiveCfg = Release|Any CPU
		{4F43B6D2-B909-432B-BCD9-5A30E6223AE6}.Release|Any CPU.Build.0 = Release|Any CPU
		{8A118CE9-47CC-4279-BE57-FA841EB5AF4A}.Debug|Any CPU.ActiveCfg = Debug|Any CPU
		{8A118CE9-47CC-4279-BE57-FA841EB5AF4A}.Debug|Any CPU.Build.0 = Debug|Any CPU
		{8A118CE9-47CC-4279-BE57-FA841EB5AF4A}.Release|Any CPU.ActiveCfg = Release|Any CPU
		{8A118CE9-47CC-4279-BE57-FA841EB5AF4A}.Release|Any CPU.Build.0 = Release|Any CPU
		{8F9C4129-12C7-4F3A-BDE2-F2EFC928E0D8}.Debug|Any CPU.ActiveCfg = Debug|Any CPU
		{8F9C4129-12C7-4F3A-BDE2-F2EFC928E0D8}.Debug|Any CPU.Build.0 = Debug|Any CPU
		{8F9C4129-12C7-4F3A-BDE2-F2EFC928E0D8}.Release|Any CPU.ActiveCfg = Release|Any CPU
		{8F9C4129-12C7-4F3A-BDE2-F2EFC928E0D8}.Release|Any CPU.Build.0 = Release|Any CPU
		{B246BCAE-FAD5-4D3F-84A7-7E6D9C8C471F}.Debug|Any CPU.ActiveCfg = Debug|Any CPU
		{B246BCAE-FAD5-4D3F-84A7-7E6D9C8C471F}.Debug|Any CPU.Build.0 = Debug|Any CPU
		{B246BCAE-FAD5-4D3F-84A7-7E6D9C8C471F}.Release|Any CPU.ActiveCfg = Release|Any CPU
		{B246BCAE-FAD5-4D3F-84A7-7E6D9C8C471F}.Release|Any CPU.Build.0 = Release|Any CPU
		{340B266E-D3A9-48CB-BB59-2EDEA7852EE7}.Debug|Any CPU.ActiveCfg = Debug|Any CPU
		{340B266E-D3A9-48CB-BB59-2EDEA7852EE7}.Debug|Any CPU.Build.0 = Debug|Any CPU
		{340B266E-D3A9-48CB-BB59-2EDEA7852EE7}.Release|Any CPU.ActiveCfg = Release|Any CPU
		{340B266E-D3A9-48CB-BB59-2EDEA7852EE7}.Release|Any CPU.Build.0 = Release|Any CPU
	EndGlobalSection
	GlobalSection(SolutionProperties) = preSolution
		HideSolutionNode = FALSE
	EndGlobalSection
	GlobalSection(ExtensibilityGlobals) = postSolution
		SolutionGuid = {2F9FF5DA-8B9D-413D-A949-790AA97470CB}
	EndGlobalSection
EndGlobal
