
Microsoft Visual Studio Solution File, Format Version 12.00
# Visual Studio Version 17
VisualStudioVersion = 17.0.32112.339
MinimumVisualStudioVersion = 10.0.40219.1
Project("{FAE04EC0-301F-11D3-BF4B-00C04F79EFBC}") = "11.Orders", "11.Orders\11.Orders.csproj", "{564560C2-E313-427C-82DE-269D9A979BBB}"
EndProject
Global
	GlobalSection(SolutionConfigurationPlatforms) = preSolution
		Debug|Any CPU = Debug|Any CPU
		Release|Any CPU = Release|Any CPU
	EndGlobalSection
	GlobalSection(ProjectConfigurationPlatforms) = postSolution
		{564560C2-E313-427C-82DE-269D9A979BBB}.Debug|Any CPU.ActiveCfg = Debug|Any CPU
		{564560C2-E313-427C-82DE-269D9A979BBB}.Debug|Any CPU.Build.0 = Debug|Any CPU
		{564560C2-E313-427C-82DE-269D9A979BBB}.Release|Any CPU.ActiveCfg = Release|Any CPU
		{564560C2-E313-427C-82DE-269D9A979BBB}.Release|Any CPU.Build.0 = Release|Any CPU
	EndGlobalSection
	GlobalSection(SolutionProperties) = preSolution
		HideSolutionNode = FALSE
	EndGlobalSection
	GlobalSection(ExtensibilityGlobals) = postSolution
		SolutionGuid = {F333D1F2-0376-41A5-9B58-DCA95E9B3D61}
	EndGlobalSection
EndGlobal
