
Microsoft Visual Studio Solution File, Format Version 12.00
# Visual Studio Version 17
VisualStudioVersion = 17.0.32112.339
MinimumVisualStudioVersion = 10.0.40219.1
Project("{FAE04EC0-301F-11D3-BF4B-00C04F79EFBC}") = "01. Programming Fundamentals Mid Exam Retake", "01. Programming Fundamentals Mid Exam Retake\01. Programming Fundamentals Mid Exam Retake.csproj", "{0B761F80-47C5-484E-AE7E-348128A9F062}"
EndProject
Project("{FAE04EC0-301F-11D3-BF4B-00C04F79EFBC}") = "Problem 1 - Computer Store", "Problem 1 - Computer Store\Problem 1 - Computer Store.csproj", "{CCBF61CC-7DCA-4501-8492-0BF0CF92277D}"
EndProject
Project("{FAE04EC0-301F-11D3-BF4B-00C04F79EFBC}") = "02. The Lift", "02. The Lift\02. The Lift.csproj", "{C73657BB-9EF5-495C-8151-24E5B0E085C5}"
EndProject
Project("{FAE04EC0-301F-11D3-BF4B-00C04F79EFBC}") = "Problem 3 - Memory game", "Problem 3 - Memory game\Problem 3 - Memory game.csproj", "{685AF61D-AC0D-4B91-BE3C-1B7C600DD3EF}"
EndProject
Global
	GlobalSection(SolutionConfigurationPlatforms) = preSolution
		Debug|Any CPU = Debug|Any CPU
		Release|Any CPU = Release|Any CPU
	EndGlobalSection
	GlobalSection(ProjectConfigurationPlatforms) = postSolution
		{0B761F80-47C5-484E-AE7E-348128A9F062}.Debug|Any CPU.ActiveCfg = Debug|Any CPU
		{0B761F80-47C5-484E-AE7E-348128A9F062}.Debug|Any CPU.Build.0 = Debug|Any CPU
		{0B761F80-47C5-484E-AE7E-348128A9F062}.Release|Any CPU.ActiveCfg = Release|Any CPU
		{0B761F80-47C5-484E-AE7E-348128A9F062}.Release|Any CPU.Build.0 = Release|Any CPU
		{CCBF61CC-7DCA-4501-8492-0BF0CF92277D}.Debug|Any CPU.ActiveCfg = Debug|Any CPU
		{CCBF61CC-7DCA-4501-8492-0BF0CF92277D}.Debug|Any CPU.Build.0 = Debug|Any CPU
		{CCBF61CC-7DCA-4501-8492-0BF0CF92277D}.Release|Any CPU.ActiveCfg = Release|Any CPU
		{CCBF61CC-7DCA-4501-8492-0BF0CF92277D}.Release|Any CPU.Build.0 = Release|Any CPU
		{C73657BB-9EF5-495C-8151-24E5B0E085C5}.Debug|Any CPU.ActiveCfg = Debug|Any CPU
		{C73657BB-9EF5-495C-8151-24E5B0E085C5}.Debug|Any CPU.Build.0 = Debug|Any CPU
		{C73657BB-9EF5-495C-8151-24E5B0E085C5}.Release|Any CPU.ActiveCfg = Release|Any CPU
		{C73657BB-9EF5-495C-8151-24E5B0E085C5}.Release|Any CPU.Build.0 = Release|Any CPU
		{685AF61D-AC0D-4B91-BE3C-1B7C600DD3EF}.Debug|Any CPU.ActiveCfg = Debug|Any CPU
		{685AF61D-AC0D-4B91-BE3C-1B7C600DD3EF}.Debug|Any CPU.Build.0 = Debug|Any CPU
		{685AF61D-AC0D-4B91-BE3C-1B7C600DD3EF}.Release|Any CPU.ActiveCfg = Release|Any CPU
		{685AF61D-AC0D-4B91-BE3C-1B7C600DD3EF}.Release|Any CPU.Build.0 = Release|Any CPU
	EndGlobalSection
	GlobalSection(SolutionProperties) = preSolution
		HideSolutionNode = FALSE
	EndGlobalSection
	GlobalSection(ExtensibilityGlobals) = postSolution
		SolutionGuid = {5CEEE789-033A-4528-BCE5-F4B992E47D6F}
	EndGlobalSection
EndGlobal
