
Microsoft Visual Studio Solution File, Format Version 12.00
# Visual Studio Version 16
VisualStudioVersion = 16.0.31205.134
MinimumVisualStudioVersion = 10.0.40219.1
Project("{FAE04EC0-301F-11D3-BF4B-00C04F79EFBC}") = "05. Login", "05. Login\05. Login.csproj", "{78F3ED88-E6AF-49A9-8BC0-7E76B121648D}"
EndProject
Global
	GlobalSection(SolutionConfigurationPlatforms) = preSolution
		Debug|Any CPU = Debug|Any CPU
		Release|Any CPU = Release|Any CPU
	EndGlobalSection
	GlobalSection(ProjectConfigurationPlatforms) = postSolution
		{78F3ED88-E6AF-49A9-8BC0-7E76B121648D}.Debug|Any CPU.ActiveCfg = Debug|Any CPU
		{78F3ED88-E6AF-49A9-8BC0-7E76B121648D}.Debug|Any CPU.Build.0 = Debug|Any CPU
		{78F3ED88-E6AF-49A9-8BC0-7E76B121648D}.Release|Any CPU.ActiveCfg = Release|Any CPU
		{78F3ED88-E6AF-49A9-8BC0-7E76B121648D}.Release|Any CPU.Build.0 = Release|Any CPU
	EndGlobalSection
	GlobalSection(SolutionProperties) = preSolution
		HideSolutionNode = FALSE
	EndGlobalSection
	GlobalSection(ExtensibilityGlobals) = postSolution
		SolutionGuid = {28963066-C957-4A2E-87A2-B33F60F0F3C6}
	EndGlobalSection
EndGlobal
