
Microsoft Visual Studio Solution File, Format Version 12.00
# Visual Studio Version 17
VisualStudioVersion = 17.0.32112.339
MinimumVisualStudioVersion = 10.0.40219.1
Project("{FAE04EC0-301F-11D3-BF4B-00C04F79EFBC}") = "02. Grades", "02. Grades\02. Grades.csproj", "{BEF598A1-A0BB-4522-A247-F40E8D63C712}"
EndProject
Global
	GlobalSection(SolutionConfigurationPlatforms) = preSolution
		Debug|Any CPU = Debug|Any CPU
		Release|Any CPU = Release|Any CPU
	EndGlobalSection
	GlobalSection(ProjectConfigurationPlatforms) = postSolution
		{BEF598A1-A0BB-4522-A247-F40E8D63C712}.Debug|Any CPU.ActiveCfg = Debug|Any CPU
		{BEF598A1-A0BB-4522-A247-F40E8D63C712}.Debug|Any CPU.Build.0 = Debug|Any CPU
		{BEF598A1-A0BB-4522-A247-F40E8D63C712}.Release|Any CPU.ActiveCfg = Release|Any CPU
		{BEF598A1-A0BB-4522-A247-F40E8D63C712}.Release|Any CPU.Build.0 = Release|Any CPU
	EndGlobalSection
	GlobalSection(SolutionProperties) = preSolution
		HideSolutionNode = FALSE
	EndGlobalSection
	GlobalSection(ExtensibilityGlobals) = postSolution
		SolutionGuid = {17AAC473-33D9-4B0A-976C-60837CFE309E}
	EndGlobalSection
EndGlobal
