
Microsoft Visual Studio Solution File, Format Version 12.00
# Visual Studio Version 16
VisualStudioVersion = 16.0.31205.134
MinimumVisualStudioVersion = 10.0.40219.1
Project("{FAE04EC0-301F-11D3-BF4B-00C04F79EFBC}") = "07. Лица на фигури", "07. Лица на фигури\07. Лица на фигури.csproj", "{E4969CF9-8113-411D-9D00-2AC5528C79CD}"
EndProject
Global
	GlobalSection(SolutionConfigurationPlatforms) = preSolution
		Debug|Any CPU = Debug|Any CPU
		Release|Any CPU = Release|Any CPU
	EndGlobalSection
	GlobalSection(ProjectConfigurationPlatforms) = postSolution
		{E4969CF9-8113-411D-9D00-2AC5528C79CD}.Debug|Any CPU.ActiveCfg = Debug|Any CPU
		{E4969CF9-8113-411D-9D00-2AC5528C79CD}.Debug|Any CPU.Build.0 = Debug|Any CPU
		{E4969CF9-8113-411D-9D00-2AC5528C79CD}.Release|Any CPU.ActiveCfg = Release|Any CPU
		{E4969CF9-8113-411D-9D00-2AC5528C79CD}.Release|Any CPU.Build.0 = Release|Any CPU
	EndGlobalSection
	GlobalSection(SolutionProperties) = preSolution
		HideSolutionNode = FALSE
	EndGlobalSection
	GlobalSection(ExtensibilityGlobals) = postSolution
		SolutionGuid = {16586ADD-A946-425A-B931-B5E82CF6C7F9}
	EndGlobalSection
EndGlobal
