
Microsoft Visual Studio Solution File, Format Version 12.00
# Visual Studio Version 16
VisualStudioVersion = 16.0.31205.134
MinimumVisualStudioVersion = 10.0.40219.1
Project("{FAE04EC0-301F-11D3-BF4B-00C04F79EFBC}") = "08. Световна ранглиста по тенис", "08. Световна ранглиста по тенис\08. Световна ранглиста по тенис.csproj", "{D7858DD1-1F36-4F35-85EE-E1076EDFDC48}"
EndProject
Global
	GlobalSection(SolutionConfigurationPlatforms) = preSolution
		Debug|Any CPU = Debug|Any CPU
		Release|Any CPU = Release|Any CPU
	EndGlobalSection
	GlobalSection(ProjectConfigurationPlatforms) = postSolution
		{D7858DD1-1F36-4F35-85EE-E1076EDFDC48}.Debug|Any CPU.ActiveCfg = Debug|Any CPU
		{D7858DD1-1F36-4F35-85EE-E1076EDFDC48}.Debug|Any CPU.Build.0 = Debug|Any CPU
		{D7858DD1-1F36-4F35-85EE-E1076EDFDC48}.Release|Any CPU.ActiveCfg = Release|Any CPU
		{D7858DD1-1F36-4F35-85EE-E1076EDFDC48}.Release|Any CPU.Build.0 = Release|Any CPU
	EndGlobalSection
	GlobalSection(SolutionProperties) = preSolution
		HideSolutionNode = FALSE
	EndGlobalSection
	GlobalSection(ExtensibilityGlobals) = postSolution
		SolutionGuid = {0703995A-A28E-4AB1-92E1-7834C94DCD89}
	EndGlobalSection
EndGlobal
