
Microsoft Visual Studio Solution File, Format Version 12.00
# Visual Studio Version 16
VisualStudioVersion = 16.0.31205.134
MinimumVisualStudioVersion = 10.0.40219.1
Project("{FAE04EC0-301F-11D3-BF4B-00C04F79EFBC}") = "02. Таблица за умножение", "02. Таблица за умножение\02. Таблица за умножение.csproj", "{279C630E-4003-422E-9CD3-FE1898FB241E}"
EndProject
Global
	GlobalSection(SolutionConfigurationPlatforms) = preSolution
		Debug|Any CPU = Debug|Any CPU
		Release|Any CPU = Release|Any CPU
	EndGlobalSection
	GlobalSection(ProjectConfigurationPlatforms) = postSolution
		{279C630E-4003-422E-9CD3-FE1898FB241E}.Debug|Any CPU.ActiveCfg = Debug|Any CPU
		{279C630E-4003-422E-9CD3-FE1898FB241E}.Debug|Any CPU.Build.0 = Debug|Any CPU
		{279C630E-4003-422E-9CD3-FE1898FB241E}.Release|Any CPU.ActiveCfg = Release|Any CPU
		{279C630E-4003-422E-9CD3-FE1898FB241E}.Release|Any CPU.Build.0 = Release|Any CPU
	EndGlobalSection
	GlobalSection(SolutionProperties) = preSolution
		HideSolutionNode = FALSE
	EndGlobalSection
	GlobalSection(ExtensibilityGlobals) = postSolution
		SolutionGuid = {A86F3CD8-B36A-4E04-A3AC-61AB35A3093D}
	EndGlobalSection
EndGlobal
