
Microsoft Visual Studio Solution File, Format Version 12.00
# Visual Studio Version 16
VisualStudioVersion = 16.0.31205.134
MinimumVisualStudioVersion = 10.0.40219.1
Project("{FAE04EC0-301F-11D3-BF4B-00C04F79EFBC}") = "02. Почивен или работен ден", "02. Почивен или работен ден\02. Почивен или работен ден.csproj", "{87143236-BA14-4767-A1C1-74A9B1398305}"
EndProject
Global
	GlobalSection(SolutionConfigurationPlatforms) = preSolution
		Debug|Any CPU = Debug|Any CPU
		Release|Any CPU = Release|Any CPU
	EndGlobalSection
	GlobalSection(ProjectConfigurationPlatforms) = postSolution
		{87143236-BA14-4767-A1C1-74A9B1398305}.Debug|Any CPU.ActiveCfg = Debug|Any CPU
		{87143236-BA14-4767-A1C1-74A9B1398305}.Debug|Any CPU.Build.0 = Debug|Any CPU
		{87143236-BA14-4767-A1C1-74A9B1398305}.Release|Any CPU.ActiveCfg = Release|Any CPU
		{87143236-BA14-4767-A1C1-74A9B1398305}.Release|Any CPU.Build.0 = Release|Any CPU
	EndGlobalSection
	GlobalSection(SolutionProperties) = preSolution
		HideSolutionNode = FALSE
	EndGlobalSection
	GlobalSection(ExtensibilityGlobals) = postSolution
		SolutionGuid = {19089AFE-1851-4597-995F-DA642669AD0A}
	EndGlobalSection
EndGlobal
