
Microsoft Visual Studio Solution File, Format Version 12.00
# Visual Studio Version 16
VisualStudioVersion = 16.0.31205.134
MinimumVisualStudioVersion = 10.0.40219.1
Project("{FAE04EC0-301F-11D3-BF4B-00C04F79EFBC}") = "05. Учебни материали", "05. Учебни материали\05. Учебни материали.csproj", "{9BE3A6F8-977F-4D58-B342-10BF03F5F482}"
EndProject
Global
	GlobalSection(SolutionConfigurationPlatforms) = preSolution
		Debug|Any CPU = Debug|Any CPU
		Release|Any CPU = Release|Any CPU
	EndGlobalSection
	GlobalSection(ProjectConfigurationPlatforms) = postSolution
		{9BE3A6F8-977F-4D58-B342-10BF03F5F482}.Debug|Any CPU.ActiveCfg = Debug|Any CPU
		{9BE3A6F8-977F-4D58-B342-10BF03F5F482}.Debug|Any CPU.Build.0 = Debug|Any CPU
		{9BE3A6F8-977F-4D58-B342-10BF03F5F482}.Release|Any CPU.ActiveCfg = Release|Any CPU
		{9BE3A6F8-977F-4D58-B342-10BF03F5F482}.Release|Any CPU.Build.0 = Release|Any CPU
	EndGlobalSection
	GlobalSection(SolutionProperties) = preSolution
		HideSolutionNode = FALSE
	EndGlobalSection
	GlobalSection(ExtensibilityGlobals) = postSolution
		SolutionGuid = {0726B362-CF83-490D-BDAD-8E956C5660A6}
	EndGlobalSection
EndGlobal
