
Microsoft Visual Studio Solution File, Format Version 12.00
# Visual Studio Version 17
VisualStudioVersion = 17.0.32112.339
MinimumVisualStudioVersion = 10.0.40219.1
Project("{FAE04EC0-301F-11D3-BF4B-00C04F79EFBC}") = "06. Even and Odd Subtraction", "06. Even and Odd Subtraction\06. Even and Odd Subtraction.csproj", "{22323196-B9EF-44A7-9CF1-E564B9A28455}"
EndProject
Global
	GlobalSection(SolutionConfigurationPlatforms) = preSolution
		Debug|Any CPU = Debug|Any CPU
		Release|Any CPU = Release|Any CPU
	EndGlobalSection
	GlobalSection(ProjectConfigurationPlatforms) = postSolution
		{22323196-B9EF-44A7-9CF1-E564B9A28455}.Debug|Any CPU.ActiveCfg = Debug|Any CPU
		{22323196-B9EF-44A7-9CF1-E564B9A28455}.Debug|Any CPU.Build.0 = Debug|Any CPU
		{22323196-B9EF-44A7-9CF1-E564B9A28455}.Release|Any CPU.ActiveCfg = Release|Any CPU
		{22323196-B9EF-44A7-9CF1-E564B9A28455}.Release|Any CPU.Build.0 = Release|Any CPU
	EndGlobalSection
	GlobalSection(SolutionProperties) = preSolution
		HideSolutionNode = FALSE
	EndGlobalSection
	GlobalSection(ExtensibilityGlobals) = postSolution
		SolutionGuid = {1D9C0E93-72F5-4588-B6FB-456AD004F8C9}
	EndGlobalSection
EndGlobal
