
Microsoft Visual Studio Solution File, Format Version 12.00
# Visual Studio Version 17
VisualStudioVersion = 17.0.32112.339
MinimumVisualStudioVersion = 10.0.40219.1
Project("{FAE04EC0-301F-11D3-BF4B-00C04F79EFBC}") = "MidExam", "MidExam\MidExam.csproj", "{2830E861-C68A-4E34-A831-CC618966F1C3}"
EndProject
Project("{FAE04EC0-301F-11D3-BF4B-00C04F79EFBC}") = "Problem 1", "Problem 1\Problem 1.csproj", "{C22C24CE-7D9F-469A-AEA1-0B62CED1D284}"
EndProject
Project("{FAE04EC0-301F-11D3-BF4B-00C04F79EFBC}") = "Problem 2", "Problem 2\Problem 2.csproj", "{AC5D9B30-B261-45FB-872B-F22C6A8F472A}"
EndProject
Project("{FAE04EC0-301F-11D3-BF4B-00C04F79EFBC}") = "Problem 3", "Problem 3\Problem 3.csproj", "{10FEAEC8-17A1-4A98-9930-2B58ECCF77E3}"
EndProject
Global
	GlobalSection(SolutionConfigurationPlatforms) = preSolution
		Debug|Any CPU = Debug|Any CPU
		Release|Any CPU = Release|Any CPU
	EndGlobalSection
	GlobalSection(ProjectConfigurationPlatforms) = postSolution
		{2830E861-C68A-4E34-A831-CC618966F1C3}.Debug|Any CPU.ActiveCfg = Debug|Any CPU
		{2830E861-C68A-4E34-A831-CC618966F1C3}.Debug|Any CPU.Build.0 = Debug|Any CPU
		{2830E861-C68A-4E34-A831-CC618966F1C3}.Release|Any CPU.ActiveCfg = Release|Any CPU
		{2830E861-C68A-4E34-A831-CC618966F1C3}.Release|Any CPU.Build.0 = Release|Any CPU
		{C22C24CE-7D9F-469A-AEA1-0B62CED1D284}.Debug|Any CPU.ActiveCfg = Debug|Any CPU
		{C22C24CE-7D9F-469A-AEA1-0B62CED1D284}.Debug|Any CPU.Build.0 = Debug|Any CPU
		{C22C24CE-7D9F-469A-AEA1-0B62CED1D284}.Release|Any CPU.ActiveCfg = Release|Any CPU
		{C22C24CE-7D9F-469A-AEA1-0B62CED1D284}.Release|Any CPU.Build.0 = Release|Any CPU
		{AC5D9B30-B261-45FB-872B-F22C6A8F472A}.Debug|Any CPU.ActiveCfg = Debug|Any CPU
		{AC5D9B30-B261-45FB-872B-F22C6A8F472A}.Debug|Any CPU.Build.0 = Debug|Any CPU
		{AC5D9B30-B261-45FB-872B-F22C6A8F472A}.Release|Any CPU.ActiveCfg = Release|Any CPU
		{AC5D9B30-B261-45FB-872B-F22C6A8F472A}.Release|Any CPU.Build.0 = Release|Any CPU
		{10FEAEC8-17A1-4A98-9930-2B58ECCF77E3}.Debug|Any CPU.ActiveCfg = Debug|Any CPU
		{10FEAEC8-17A1-4A98-9930-2B58ECCF77E3}.Debug|Any CPU.Build.0 = Debug|Any CPU
		{10FEAEC8-17A1-4A98-9930-2B58ECCF77E3}.Release|Any CPU.ActiveCfg = Release|Any CPU
		{10FEAEC8-17A1-4A98-9930-2B58ECCF77E3}.Release|Any CPU.Build.0 = Release|Any CPU
	EndGlobalSection
	GlobalSection(SolutionProperties) = preSolution
		HideSolutionNode = FALSE
	EndGlobalSection
	GlobalSection(ExtensibilityGlobals) = postSolution
		SolutionGuid = {446800F4-434B-45D9-9633-4161171067B8}
	EndGlobalSection
EndGlobal
