
Microsoft Visual Studio Solution File, Format Version 12.00
# Visual Studio Version 17
VisualStudioVersion = 17.0.32112.339
MinimumVisualStudioVersion = 10.0.40219.1
Project("{FAE04EC0-301F-11D3-BF4B-00C04F79EFBC}") = "09. Chars to String", "09. Chars to String\09. Chars to String.csproj", "{E7D0C9C0-6DC4-4259-A2CE-286A2F3BB597}"
EndProject
Global
	GlobalSection(SolutionConfigurationPlatforms) = preSolution
		Debug|Any CPU = Debug|Any CPU
		Release|Any CPU = Release|Any CPU
	EndGlobalSection
	GlobalSection(ProjectConfigurationPlatforms) = postSolution
		{E7D0C9C0-6DC4-4259-A2CE-286A2F3BB597}.Debug|Any CPU.ActiveCfg = Debug|Any CPU
		{E7D0C9C0-6DC4-4259-A2CE-286A2F3BB597}.Debug|Any CPU.Build.0 = Debug|Any CPU
		{E7D0C9C0-6DC4-4259-A2CE-286A2F3BB597}.Release|Any CPU.ActiveCfg = Release|Any CPU
		{E7D0C9C0-6DC4-4259-A2CE-286A2F3BB597}.Release|Any CPU.Build.0 = Release|Any CPU
	EndGlobalSection
	GlobalSection(SolutionProperties) = preSolution
		HideSolutionNode = FALSE
	EndGlobalSection
	GlobalSection(ExtensibilityGlobals) = postSolution
		SolutionGuid = {02A97500-1A6E-455F-9A6C-77F4116A24EF}
	EndGlobalSection
EndGlobal
