
Microsoft Visual Studio Solution File, Format Version 12.00
# Visual Studio Version 16
VisualStudioVersion = 16.0.31205.134
MinimumVisualStudioVersion = 10.0.40219.1
Project("{FAE04EC0-301F-11D3-BF4B-00C04F79EFBC}") = "02. Passed", "02. Passed\02. Passed.csproj", "{6455C7F6-3F9C-42D8-A1F6-644190BF1B1E}"
EndProject
Global
	GlobalSection(SolutionConfigurationPlatforms) = preSolution
		Debug|Any CPU = Debug|Any CPU
		Release|Any CPU = Release|Any CPU
	EndGlobalSection
	GlobalSection(ProjectConfigurationPlatforms) = postSolution
		{6455C7F6-3F9C-42D8-A1F6-644190BF1B1E}.Debug|Any CPU.ActiveCfg = Debug|Any CPU
		{6455C7F6-3F9C-42D8-A1F6-644190BF1B1E}.Debug|Any CPU.Build.0 = Debug|Any CPU
		{6455C7F6-3F9C-42D8-A1F6-644190BF1B1E}.Release|Any CPU.ActiveCfg = Release|Any CPU
		{6455C7F6-3F9C-42D8-A1F6-644190BF1B1E}.Release|Any CPU.Build.0 = Release|Any CPU
	EndGlobalSection
	GlobalSection(SolutionProperties) = preSolution
		HideSolutionNode = FALSE
	EndGlobalSection
	GlobalSection(ExtensibilityGlobals) = postSolution
		SolutionGuid = {FDA714B8-560B-4AAF-8C80-D88597D51EE9}
	EndGlobalSection
EndGlobal
