
Microsoft Visual Studio Solution File, Format Version 12.00
# Visual Studio Version 17
VisualStudioVersion = 17.0.32112.339
MinimumVisualStudioVersion = 10.0.40219.1
Project("{FAE04EC0-301F-11D3-BF4B-00C04F79EFBC}") = "BakeryOpenning", "Openning\BakeryOpenning.csproj", "{84B5AEE5-7EB0-4CBD-8C49-FE3F59B30018}"
EndProject
Global
	GlobalSection(SolutionConfigurationPlatforms) = preSolution
		Debug|Any CPU = Debug|Any CPU
		Release|Any CPU = Release|Any CPU
	EndGlobalSection
	GlobalSection(ProjectConfigurationPlatforms) = postSolution
		{84B5AEE5-7EB0-4CBD-8C49-FE3F59B30018}.Debug|Any CPU.ActiveCfg = Debug|Any CPU
		{84B5AEE5-7EB0-4CBD-8C49-FE3F59B30018}.Debug|Any CPU.Build.0 = Debug|Any CPU
		{84B5AEE5-7EB0-4CBD-8C49-FE3F59B30018}.Release|Any CPU.ActiveCfg = Release|Any CPU
		{84B5AEE5-7EB0-4CBD-8C49-FE3F59B30018}.Release|Any CPU.Build.0 = Release|Any CPU
	EndGlobalSection
	GlobalSection(SolutionProperties) = preSolution
		HideSolutionNode = FALSE
	EndGlobalSection
	GlobalSection(ExtensibilityGlobals) = postSolution
		SolutionGuid = {6D00C756-C354-4727-B9B4-7EC2FADE9C2B}
	EndGlobalSection
EndGlobal
