
Microsoft Visual Studio Solution File, Format Version 12.00
# Visual Studio Version 16
VisualStudioVersion = 16.0.31205.134
MinimumVisualStudioVersion = 10.0.40219.1
Project("{FAE04EC0-301F-11D3-BF4B-00C04F79EFBC}") = "10. Multiplication Table", "10. Multiplication Table\10. Multiplication Table.csproj", "{1452A3CA-28AD-480B-B26A-611ED25AAEB8}"
EndProject
Global
	GlobalSection(SolutionConfigurationPlatforms) = preSolution
		Debug|Any CPU = Debug|Any CPU
		Release|Any CPU = Release|Any CPU
	EndGlobalSection
	GlobalSection(ProjectConfigurationPlatforms) = postSolution
		{1452A3CA-28AD-480B-B26A-611ED25AAEB8}.Debug|Any CPU.ActiveCfg = Debug|Any CPU
		{1452A3CA-28AD-480B-B26A-611ED25AAEB8}.Debug|Any CPU.Build.0 = Debug|Any CPU
		{1452A3CA-28AD-480B-B26A-611ED25AAEB8}.Release|Any CPU.ActiveCfg = Release|Any CPU
		{1452A3CA-28AD-480B-B26A-611ED25AAEB8}.Release|Any CPU.Build.0 = Release|Any CPU
	EndGlobalSection
	GlobalSection(SolutionProperties) = preSolution
		HideSolutionNode = FALSE
	EndGlobalSection
	GlobalSection(ExtensibilityGlobals) = postSolution
		SolutionGuid = {E64DB52B-6BA9-476F-AD7B-E9E51FA278B4}
	EndGlobalSection
EndGlobal
