
Microsoft Visual Studio Solution File, Format Version 12.00
# Visual Studio Version 16
VisualStudioVersion = 16.0.31205.134
MinimumVisualStudioVersion = 10.0.40219.1
Project("{FAE04EC0-301F-11D3-BF4B-00C04F79EFBC}") = "05. Пътуване", "05. Пътуване\05. Пътуване.csproj", "{1E5B466E-7AD2-45A1-AE22-6F271C6352C1}"
EndProject
Global
	GlobalSection(SolutionConfigurationPlatforms) = preSolution
		Debug|Any CPU = Debug|Any CPU
		Release|Any CPU = Release|Any CPU
	EndGlobalSection
	GlobalSection(ProjectConfigurationPlatforms) = postSolution
		{1E5B466E-7AD2-45A1-AE22-6F271C6352C1}.Debug|Any CPU.ActiveCfg = Debug|Any CPU
		{1E5B466E-7AD2-45A1-AE22-6F271C6352C1}.Debug|Any CPU.Build.0 = Debug|Any CPU
		{1E5B466E-7AD2-45A1-AE22-6F271C6352C1}.Release|Any CPU.ActiveCfg = Release|Any CPU
		{1E5B466E-7AD2-45A1-AE22-6F271C6352C1}.Release|Any CPU.Build.0 = Release|Any CPU
	EndGlobalSection
	GlobalSection(SolutionProperties) = preSolution
		HideSolutionNode = FALSE
	EndGlobalSection
	GlobalSection(ExtensibilityGlobals) = postSolution
		SolutionGuid = {64E6F6A1-530A-41F4-8541-5293F525CF41}
	EndGlobalSection
EndGlobal
