
Microsoft Visual Studio Solution File, Format Version 12.00
# Visual Studio Version 17
VisualStudioVersion = 17.0.32112.339
MinimumVisualStudioVersion = 10.0.40219.1
Project("{FAE04EC0-301F-11D3-BF4B-00C04F79EFBC}") = "10. Poke Mon", "10. Poke Mon\10. Poke Mon.csproj", "{C6E9F94E-419C-4605-9D2B-282A5DFBE341}"
EndProject
Global
	GlobalSection(SolutionConfigurationPlatforms) = preSolution
		Debug|Any CPU = Debug|Any CPU
		Release|Any CPU = Release|Any CPU
	EndGlobalSection
	GlobalSection(ProjectConfigurationPlatforms) = postSolution
		{C6E9F94E-419C-4605-9D2B-282A5DFBE341}.Debug|Any CPU.ActiveCfg = Debug|Any CPU
		{C6E9F94E-419C-4605-9D2B-282A5DFBE341}.Debug|Any CPU.Build.0 = Debug|Any CPU
		{C6E9F94E-419C-4605-9D2B-282A5DFBE341}.Release|Any CPU.ActiveCfg = Release|Any CPU
		{C6E9F94E-419C-4605-9D2B-282A5DFBE341}.Release|Any CPU.Build.0 = Release|Any CPU
	EndGlobalSection
	GlobalSection(SolutionProperties) = preSolution
		HideSolutionNode = FALSE
	EndGlobalSection
	GlobalSection(ExtensibilityGlobals) = postSolution
		SolutionGuid = {45894839-50DA-4A92-ACE1-CD3C2D6B7CAE}
	EndGlobalSection
EndGlobal
